
Microsoft Visual Studio Solution File, Format Version 12.00
# Visual Studio Version 17
VisualStudioVersion = 17.7.34221.43
MinimumVisualStudioVersion = 10.0.40219.1
Project("{8BC9CEB8-8B4A-11D0-8D11-00A0C91BC942}") = "w7_hw-2", "w7_hw-2.vcxproj", "{FB874A6B-58F7-469C-A37C-706E4A024F76}"
EndProject
Global
	GlobalSection(SolutionConfigurationPlatforms) = preSolution
		Debug|x64 = Debug|x64
		Debug|x86 = Debug|x86
		Release|x64 = Release|x64
		Release|x86 = Release|x86
	EndGlobalSection
	GlobalSection(ProjectConfigurationPlatforms) = postSolution
		{FB874A6B-58F7-469C-A37C-706E4A024F76}.Debug|x64.ActiveCfg = Debug|x64
		{FB874A6B-58F7-469C-A37C-706E4A024F76}.Debug|x64.Build.0 = Debug|x64
		{FB874A6B-58F7-469C-A37C-706E4A024F76}.Debug|x86.ActiveCfg = Debug|Win32
		{FB874A6B-58F7-469C-A37C-706E4A024F76}.Debug|x86.Build.0 = Debug|Win32
		{FB874A6B-58F7-469C-A37C-706E4A024F76}.Release|x64.ActiveCfg = Release|x64
		{FB874A6B-58F7-469C-A37C-706E4A024F76}.Release|x64.Build.0 = Release|x64
		{FB874A6B-58F7-469C-A37C-706E4A024F76}.Release|x86.ActiveCfg = Release|Win32
		{FB874A6B-58F7-469C-A37C-706E4A024F76}.Release|x86.Build.0 = Release|Win32
	EndGlobalSection
	GlobalSection(SolutionProperties) = preSolution
		HideSolutionNode = FALSE
	EndGlobalSection
	GlobalSection(ExtensibilityGlobals) = postSolution
		SolutionGuid = {F8FB13B1-74F2-49BF-B084-CD22AB657494}
	EndGlobalSection
EndGlobal
